
Microsoft Visual Studio Solution File, Format Version 12.00
# Visual Studio Version 17
VisualStudioVersion = 17.9.34728.123
MinimumVisualStudioVersion = 10.0.40219.1
Project("{9A19103F-16F7-4668-BE54-9A1E7A4F7556}") = "DauxChallenge.Web", "DauxChallenge.Web\DauxChallenge.Web.csproj", "{15276BEF-398B-41D8-98BA-F8154346A976}"
EndProject
Project("{9A19103F-16F7-4668-BE54-9A1E7A4F7556}") = "DauxChallenge.Services", "DauxChallenge.Services\DauxChallenge.Services.csproj", "{23D17670-7B1A-446B-9E77-00B3452AA821}"
EndProject
Project("{FAE04EC0-301F-11D3-BF4B-00C04F79EFBC}") = "DauxChallenge.Tests", "DauxChallenge.Tests\DauxChallenge.Tests.csproj", "{BA89EFFC-0F48-4A2B-A0AB-0269238492BE}"
EndProject
Global
	GlobalSection(SolutionConfigurationPlatforms) = preSolution
		Debug|Any CPU = Debug|Any CPU
		Release|Any CPU = Release|Any CPU
	EndGlobalSection
	GlobalSection(ProjectConfigurationPlatforms) = postSolution
		{15276BEF-398B-41D8-98BA-F8154346A976}.Debug|Any CPU.ActiveCfg = Debug|Any CPU
		{15276BEF-398B-41D8-98BA-F8154346A976}.Debug|Any CPU.Build.0 = Debug|Any CPU
		{15276BEF-398B-41D8-98BA-F8154346A976}.Release|Any CPU.ActiveCfg = Release|Any CPU
		{15276BEF-398B-41D8-98BA-F8154346A976}.Release|Any CPU.Build.0 = Release|Any CPU
		{23D17670-7B1A-446B-9E77-00B3452AA821}.Debug|Any CPU.ActiveCfg = Debug|Any CPU
		{23D17670-7B1A-446B-9E77-00B3452AA821}.Debug|Any CPU.Build.0 = Debug|Any CPU
		{23D17670-7B1A-446B-9E77-00B3452AA821}.Release|Any CPU.ActiveCfg = Release|Any CPU
		{23D17670-7B1A-446B-9E77-00B3452AA821}.Release|Any CPU.Build.0 = Release|Any CPU
		{BA89EFFC-0F48-4A2B-A0AB-0269238492BE}.Debug|Any CPU.ActiveCfg = Debug|Any CPU
		{BA89EFFC-0F48-4A2B-A0AB-0269238492BE}.Debug|Any CPU.Build.0 = Debug|Any CPU
		{BA89EFFC-0F48-4A2B-A0AB-0269238492BE}.Release|Any CPU.ActiveCfg = Release|Any CPU
		{BA89EFFC-0F48-4A2B-A0AB-0269238492BE}.Release|Any CPU.Build.0 = Release|Any CPU
	EndGlobalSection
	GlobalSection(SolutionProperties) = preSolution
		HideSolutionNode = FALSE
	EndGlobalSection
	GlobalSection(ExtensibilityGlobals) = postSolution
		SolutionGuid = {A3EBA0AA-B0F8-4DDE-9D3E-31365EC26446}
	EndGlobalSection
EndGlobal
